
Microsoft Visual Studio Solution File, Format Version 12.00
# Visual Studio 15
VisualStudioVersion = 15.0.27130.2036
MinimumVisualStudioVersion = 10.0.40219.1
Project("{FAE04EC0-301F-11D3-BF4B-00C04F79EFBC}") = "WPF_DataBinding_ClassWork_SingleObject", "WPF_DataBinding_ClassWork_SingleObject\WPF_DataBinding_ClassWork_SingleObject.csproj", "{56F31611-B30D-4650-A18A-B8D9C15F0777}"
EndProject
Global
	GlobalSection(SolutionConfigurationPlatforms) = preSolution
		Debug|Any CPU = Debug|Any CPU
		Release|Any CPU = Release|Any CPU
	EndGlobalSection
	GlobalSection(ProjectConfigurationPlatforms) = postSolution
		{56F31611-B30D-4650-A18A-B8D9C15F0777}.Debug|Any CPU.ActiveCfg = Debug|Any CPU
		{56F31611-B30D-4650-A18A-B8D9C15F0777}.Debug|Any CPU.Build.0 = Debug|Any CPU
		{56F31611-B30D-4650-A18A-B8D9C15F0777}.Release|Any CPU.ActiveCfg = Release|Any CPU
		{56F31611-B30D-4650-A18A-B8D9C15F0777}.Release|Any CPU.Build.0 = Release|Any CPU
	EndGlobalSection
	GlobalSection(SolutionProperties) = preSolution
		HideSolutionNode = FALSE
	EndGlobalSection
	GlobalSection(ExtensibilityGlobals) = postSolution
		SolutionGuid = {CA954F8B-237B-4790-8DE0-DD7FD733B420}
	EndGlobalSection
EndGlobal
